<?xml version="1.0" encoding="UTF-8" standalone="yes" ?>
<CodeBlocks_project_file>
	<FileVersion major="1" minor="6" />
	<Project>
		<Option title="reddit-notify" />
		<Option pch_mode="2" />
		<Option compiler="gcc" />
		<Build>
			<Target title="Debug">
				<Option output="../debug/reddit-notify" prefix_auto="1" extension_auto="1" />
				<Option object_output="../debug/obj/" />
				<Option type="1" />
				<Option compiler="gcc" />
				<Compiler>
					<Add option="-std=c++11" />
					<Add option="-Wall" />
					<Add option="-g" />
					<Add option="`pkg-config --cflags libnotify`" />
					<Add option="`curl-config --cflags`" />
					<Add option="`pkg-config jsoncpp --cflags`" />
					<Add directory="../lib/directory" />
				</Compiler>
				<ResourceCompiler>
					<Add directory="../lib/http" />
				</ResourceCompiler>
				<Linker>
					<Add option="`pkg-config --libs libnotify`" />
					<Add option="`curl-config --libs`" />
					<Add option="`pkg-config jsoncpp --libs`" />
				</Linker>
			</Target>
			<Target title="Release">
				<Option output="../release/reddit-notify" prefix_auto="1" extension_auto="1" />
				<Option object_output="../release/obj/" />
				<Option type="1" />
				<Option compiler="gcc" />
				<Compiler>
					<Add option="-O2" />
					<Add directory="lib/directory" />
				</Compiler>
				<Linker>
					<Add option="-s" />
				</Linker>
			</Target>
		</Build>
		<Compiler>
			<Add option="-Wall" />
		</Compiler>
		<Unit filename="app_info.cxx" />
		<Unit filename="app_info.hxx" />
		<Unit filename="directory/directory.cxx" />
		<Unit filename="directory/directory.hxx" />
		<Unit filename="fetch_config.hxx" />
		<Unit filename="http/curl_handle.cxx" />
		<Unit filename="http/curl_handle.hxx" />
		<Unit filename="http/http_request.cxx" />
		<Unit filename="http/http_request.hxx" />
		<Unit filename="http/http_response.cxx" />
		<Unit filename="http/http_response.hxx" />
		<Unit filename="main.cxx" />
		<Unit filename="notification.cxx" />
		<Unit filename="notification.hxx" />
		<Unit filename="notify_init.cxx" />
		<Unit filename="notify_init.hxx" />
		<Unit filename="reddit_link.hxx" />
		<Unit filename="reddit_link_loader.cxx" />
		<Unit filename="reddit_link_loader.hxx" />
		<Unit filename="temp_image_manager.cxx" />
		<Unit filename="temp_image_manager.hxx" />
		<Unit filename="unique_reddit_link_loader.cxx" />
		<Unit filename="unique_reddit_link_loader.hxx" />
		<Extensions>
			<code_completion />
			<debugger />
		</Extensions>
	</Project>
</CodeBlocks_project_file>
